{
  "name": "raft",
  "version": "1.0.0",
  "lockfileVersion": 2,
  "requires": true,
  "packages": {
    "": {
      "name": "raft",
      "version": "1.0.0",
      "license": "ISC",
      "dependencies": {
        "@types/node": "^20.4.0"
      }
    },
    "node_modules/@types/node": {
      "version": "20.4.0",
      "resolved": "https://internal-751250156163.d.codeartifact.us-east-1.amazonaws.com/npm/npm/@types/node/-/node-20.4.0.tgz",
      "integrity": "sha512-jfT7iTf/4kOQ9S7CHV9BIyRaQqHu67mOjsIQBC3BKZvzvUB6zLxEwJ6sBE3ozcvP8kF6Uk5PXN0Q+c0dfhGX0g=="
    }
  },
  "dependencies": {
    "@types/node": {
      "version": "20.4.0",
      "resolved": "https://internal-751250156163.d.codeartifact.us-east-1.amazonaws.com/npm/npm/@types/node/-/node-20.4.0.tgz",
      "integrity": "sha512-jfT7iTf/4kOQ9S7CHV9BIyRaQqHu67mOjsIQBC3BKZvzvUB6zLxEwJ6sBE3ozcvP8kF6Uk5PXN0Q+c0dfhGX0g=="
    }
  }
}
